
Microsoft Visual Studio Solution File, Format Version 12.00
# Visual Studio 15
VisualStudioVersion = 15.0.26228.9
MinimumVisualStudioVersion = 10.0.40219.1
Project("{FAE04EC0-301F-11D3-BF4B-00C04F79EFBC}") = "SGBD", "SGBD\SGBD.csproj", "{157ED32E-B85A-4835-9F74-8B349886403B}"
EndProject
Project("{FAE04EC0-301F-11D3-BF4B-00C04F79EFBC}") = "ConsoleApp", "ConsoleApp\ConsoleApp.csproj", "{1B1A6869-7828-44E8-94FD-59E8E202ED3C}"
EndProject
Global
	GlobalSection(SolutionConfigurationPlatforms) = preSolution
		Debug|Any CPU = Debug|Any CPU
		Release|Any CPU = Release|Any CPU
	EndGlobalSection
	GlobalSection(ProjectConfigurationPlatforms) = postSolution
		{157ED32E-B85A-4835-9F74-8B349886403B}.Debug|Any CPU.ActiveCfg = Debug|Any CPU
		{157ED32E-B85A-4835-9F74-8B349886403B}.Debug|Any CPU.Build.0 = Debug|Any CPU
		{157ED32E-B85A-4835-9F74-8B349886403B}.Release|Any CPU.ActiveCfg = Release|Any CPU
		{157ED32E-B85A-4835-9F74-8B349886403B}.Release|Any CPU.Build.0 = Release|Any CPU
		{1B1A6869-7828-44E8-94FD-59E8E202ED3C}.Debug|Any CPU.ActiveCfg = Debug|Any CPU
		{1B1A6869-7828-44E8-94FD-59E8E202ED3C}.Debug|Any CPU.Build.0 = Debug|Any CPU
		{1B1A6869-7828-44E8-94FD-59E8E202ED3C}.Release|Any CPU.ActiveCfg = Release|Any CPU
		{1B1A6869-7828-44E8-94FD-59E8E202ED3C}.Release|Any CPU.Build.0 = Release|Any CPU
	EndGlobalSection
	GlobalSection(SolutionProperties) = preSolution
		HideSolutionNode = FALSE
	EndGlobalSection
EndGlobal
